
Microsoft Visual Studio Solution File, Format Version 12.00
# Visual Studio Version 17
VisualStudioVersion = 17.8.34330.188
MinimumVisualStudioVersion = 10.0.40219.1
Project("{9A19103F-16F7-4668-BE54-9A1E7A4F7556}") = "BankSystem.CustomerInformation", "BankSystem.CustomerInformation\BankSystem.CustomerInformation.csproj", "{AD8F77D2-E2AF-439D-845F-A2ACAB0FF86A}"
EndProject
Project("{FAE04EC0-301F-11D3-BF4B-00C04F79EFBC}") = "BankSystem.NotificationService", "BankSystem.NotificationService\BankSystem.NotificationService.csproj", "{F77AE124-FCE5-458A-80D0-686654817E8C}"
EndProject
Project("{2150E333-8FDC-42A3-9474-1A3956D46DE8}") = "Solution Items", "Solution Items", "{86279357-7FEE-4FF7-AE8B-A0EAFFC622DD}"
	ProjectSection(SolutionItems) = preProject
		docker-compose.yml = docker-compose.yml
	EndProjectSection
EndProject
Project("{FAE04EC0-301F-11D3-BF4B-00C04F79EFBC}") = "BankSystem.PaymentSystem", "BankSystem.PaymentSystem\BankSystem.PaymentSystem.csproj", "{E1ADA77D-7829-4910-A40D-8588BC57628F}"
EndProject
Global
	GlobalSection(SolutionConfigurationPlatforms) = preSolution
		Debug|Any CPU = Debug|Any CPU
		Release|Any CPU = Release|Any CPU
	EndGlobalSection
	GlobalSection(ProjectConfigurationPlatforms) = postSolution
		{AD8F77D2-E2AF-439D-845F-A2ACAB0FF86A}.Debug|Any CPU.ActiveCfg = Debug|Any CPU
		{AD8F77D2-E2AF-439D-845F-A2ACAB0FF86A}.Debug|Any CPU.Build.0 = Debug|Any CPU
		{AD8F77D2-E2AF-439D-845F-A2ACAB0FF86A}.Release|Any CPU.ActiveCfg = Release|Any CPU
		{AD8F77D2-E2AF-439D-845F-A2ACAB0FF86A}.Release|Any CPU.Build.0 = Release|Any CPU
		{F77AE124-FCE5-458A-80D0-686654817E8C}.Debug|Any CPU.ActiveCfg = Debug|Any CPU
		{F77AE124-FCE5-458A-80D0-686654817E8C}.Debug|Any CPU.Build.0 = Debug|Any CPU
		{F77AE124-FCE5-458A-80D0-686654817E8C}.Release|Any CPU.ActiveCfg = Release|Any CPU
		{F77AE124-FCE5-458A-80D0-686654817E8C}.Release|Any CPU.Build.0 = Release|Any CPU
		{E1ADA77D-7829-4910-A40D-8588BC57628F}.Debug|Any CPU.ActiveCfg = Debug|Any CPU
		{E1ADA77D-7829-4910-A40D-8588BC57628F}.Debug|Any CPU.Build.0 = Debug|Any CPU
		{E1ADA77D-7829-4910-A40D-8588BC57628F}.Release|Any CPU.ActiveCfg = Release|Any CPU
		{E1ADA77D-7829-4910-A40D-8588BC57628F}.Release|Any CPU.Build.0 = Release|Any CPU
	EndGlobalSection
	GlobalSection(SolutionProperties) = preSolution
		HideSolutionNode = FALSE
	EndGlobalSection
	GlobalSection(ExtensibilityGlobals) = postSolution
		SolutionGuid = {AEF8ACD7-F3A2-4966-A6D7-AE5503451652}
	EndGlobalSection
EndGlobal
